
Microsoft Visual Studio Solution File, Format Version 12.00
# Visual Studio Version 16
VisualStudioVersion = 16.0.31410.357
MinimumVisualStudioVersion = 10.0.40219.1
Project("{FAE04EC0-301F-11D3-BF4B-00C04F79EFBC}") = "CalculadorMediaMovel.UWP", "CalculadorMediaMovel\CalculadorMediaMovel.UWP\CalculadorMediaMovel.UWP.csproj", "{E6893E41-B88F-495E-90DD-0872917E9251}"
EndProject
Project("{FAE04EC0-301F-11D3-BF4B-00C04F79EFBC}") = "CalculadorMediaMovel.Android", "CalculadorMediaMovel\CalculadorMediaMovel.Android\CalculadorMediaMovel.Android.csproj", "{87414686-0615-4E54-8E5D-F2F3103DAF1A}"
EndProject
Project("{FAE04EC0-301F-11D3-BF4B-00C04F79EFBC}") = "CalculadorMediaMovel.iOS", "CalculadorMediaMovel\CalculadorMediaMovel.iOS\CalculadorMediaMovel.iOS.csproj", "{4FF991FB-A231-4B4B-BF30-CB8211BACC4B}"
EndProject
Project("{FAE04EC0-301F-11D3-BF4B-00C04F79EFBC}") = "CalculadorMediaMovel", "CalculadorMediaMovel\CalculadorMediaMovel\CalculadorMediaMovel.csproj", "{BC655061-05EC-42A5-A71E-AC450539DCFA}"
EndProject
Global
	GlobalSection(SolutionConfigurationPlatforms) = preSolution
		Debug|Any CPU = Debug|Any CPU
		Debug|ARM = Debug|ARM
		Debug|iPhone = Debug|iPhone
		Debug|iPhoneSimulator = Debug|iPhoneSimulator
		Debug|x64 = Debug|x64
		Debug|x86 = Debug|x86
		Release|Any CPU = Release|Any CPU
		Release|ARM = Release|ARM
		Release|iPhone = Release|iPhone
		Release|iPhoneSimulator = Release|iPhoneSimulator
		Release|x64 = Release|x64
		Release|x86 = Release|x86
	EndGlobalSection
	GlobalSection(ProjectConfigurationPlatforms) = postSolution
		{E6893E41-B88F-495E-90DD-0872917E9251}.Debug|Any CPU.ActiveCfg = Debug|x86
		{E6893E41-B88F-495E-90DD-0872917E9251}.Debug|Any CPU.Build.0 = Debug|x86
		{E6893E41-B88F-495E-90DD-0872917E9251}.Debug|Any CPU.Deploy.0 = Debug|x86
		{E6893E41-B88F-495E-90DD-0872917E9251}.Debug|ARM.ActiveCfg = Debug|ARM
		{E6893E41-B88F-495E-90DD-0872917E9251}.Debug|ARM.Build.0 = Debug|ARM
		{E6893E41-B88F-495E-90DD-0872917E9251}.Debug|ARM.Deploy.0 = Debug|ARM
		{E6893E41-B88F-495E-90DD-0872917E9251}.Debug|iPhone.ActiveCfg = Debug|x86
		{E6893E41-B88F-495E-90DD-0872917E9251}.Debug|iPhone.Build.0 = Debug|x86
		{E6893E41-B88F-495E-90DD-0872917E9251}.Debug|iPhone.Deploy.0 = Debug|x86
		{E6893E41-B88F-495E-90DD-0872917E9251}.Debug|iPhoneSimulator.ActiveCfg = Debug|x86
		{E6893E41-B88F-495E-90DD-0872917E9251}.Debug|iPhoneSimulator.Build.0 = Debug|x86
		{E6893E41-B88F-495E-90DD-0872917E9251}.Debug|iPhoneSimulator.Deploy.0 = Debug|x86
		{E6893E41-B88F-495E-90DD-0872917E9251}.Debug|x64.ActiveCfg = Debug|x64
		{E6893E41-B88F-495E-90DD-0872917E9251}.Debug|x64.Build.0 = Debug|x64
		{E6893E41-B88F-495E-90DD-0872917E9251}.Debug|x64.Deploy.0 = Debug|x64
		{E6893E41-B88F-495E-90DD-0872917E9251}.Debug|x86.ActiveCfg = Debug|x86
		{E6893E41-B88F-495E-90DD-0872917E9251}.Debug|x86.Build.0 = Debug|x86
		{E6893E41-B88F-495E-90DD-0872917E9251}.Debug|x86.Deploy.0 = Debug|x86
		{E6893E41-B88F-495E-90DD-0872917E9251}.Release|Any CPU.ActiveCfg = Release|x86
		{E6893E41-B88F-495E-90DD-0872917E9251}.Release|Any CPU.Build.0 = Release|x86
		{E6893E41-B88F-495E-90DD-0872917E9251}.Release|Any CPU.Deploy.0 = Release|x86
		{E6893E41-B88F-495E-90DD-0872917E9251}.Release|ARM.ActiveCfg = Release|ARM
		{E6893E41-B88F-495E-90DD-0872917E9251}.Release|ARM.Build.0 = Release|ARM
		{E6893E41-B88F-495E-90DD-0872917E9251}.Release|ARM.Deploy.0 = Release|ARM
		{E6893E41-B88F-495E-90DD-0872917E9251}.Release|iPhone.ActiveCfg = Release|x86
		{E6893E41-B88F-495E-90DD-0872917E9251}.Release|iPhone.Build.0 = Release|x86
		{E6893E41-B88F-495E-90DD-0872917E9251}.Release|iPhone.Deploy.0 = Release|x86
		{E6893E41-B88F-495E-90DD-0872917E9251}.Release|iPhoneSimulator.ActiveCfg = Release|x86
		{E6893E41-B88F-495E-90DD-0872917E9251}.Release|iPhoneSimulator.Build.0 = Release|x86
		{E6893E41-B88F-495E-90DD-0872917E9251}.Release|iPhoneSimulator.Deploy.0 = Release|x86
		{E6893E41-B88F-495E-90DD-0872917E9251}.Release|x64.ActiveCfg = Release|x64
		{E6893E41-B88F-495E-90DD-0872917E9251}.Release|x64.Build.0 = Release|x64
		{E6893E41-B88F-495E-90DD-0872917E9251}.Release|x64.Deploy.0 = Release|x64
		{E6893E41-B88F-495E-90DD-0872917E9251}.Release|x86.ActiveCfg = Release|x86
		{E6893E41-B88F-495E-90DD-0872917E9251}.Release|x86.Build.0 = Release|x86
		{E6893E41-B88F-495E-90DD-0872917E9251}.Release|x86.Deploy.0 = Release|x86
		{87414686-0615-4E54-8E5D-F2F3103DAF1A}.Debug|Any CPU.ActiveCfg = Debug|Any CPU
		{87414686-0615-4E54-8E5D-F2F3103DAF1A}.Debug|Any CPU.Build.0 = Debug|Any CPU
		{87414686-0615-4E54-8E5D-F2F3103DAF1A}.Debug|Any CPU.Deploy.0 = Debug|Any CPU
		{87414686-0615-4E54-8E5D-F2F3103DAF1A}.Debug|ARM.ActiveCfg = Debug|Any CPU
		{87414686-0615-4E54-8E5D-F2F3103DAF1A}.Debug|ARM.Build.0 = Debug|Any CPU
		{87414686-0615-4E54-8E5D-F2F3103DAF1A}.Debug|ARM.Deploy.0 = Debug|Any CPU
		{87414686-0615-4E54-8E5D-F2F3103DAF1A}.Debug|iPhone.ActiveCfg = Debug|Any CPU
		{87414686-0615-4E54-8E5D-F2F3103DAF1A}.Debug|iPhone.Build.0 = Debug|Any CPU
		{87414686-0615-4E54-8E5D-F2F3103DAF1A}.Debug|iPhone.Deploy.0 = Debug|Any CPU
		{87414686-0615-4E54-8E5D-F2F3103DAF1A}.Debug|iPhoneSimulator.ActiveCfg = Debug|Any CPU
		{87414686-0615-4E54-8E5D-F2F3103DAF1A}.Debug|iPhoneSimulator.Build.0 = Debug|Any CPU
		{87414686-0615-4E54-8E5D-F2F3103DAF1A}.Debug|iPhoneSimulator.Deploy.0 = Debug|Any CPU
		{87414686-0615-4E54-8E5D-F2F3103DAF1A}.Debug|x64.ActiveCfg = Debug|Any CPU
		{87414686-0615-4E54-8E5D-F2F3103DAF1A}.Debug|x64.Build.0 = Debug|Any CPU
		{87414686-0615-4E54-8E5D-F2F3103DAF1A}.Debug|x64.Deploy.0 = Debug|Any CPU
		{87414686-0615-4E54-8E5D-F2F3103DAF1A}.Debug|x86.ActiveCfg = Debug|Any CPU
		{87414686-0615-4E54-8E5D-F2F3103DAF1A}.Debug|x86.Build.0 = Debug|Any CPU
		{87414686-0615-4E54-8E5D-F2F3103DAF1A}.Debug|x86.Deploy.0 = Debug|Any CPU
		{87414686-0615-4E54-8E5D-F2F3103DAF1A}.Release|Any CPU.ActiveCfg = Release|Any CPU
		{87414686-0615-4E54-8E5D-F2F3103DAF1A}.Release|Any CPU.Build.0 = Release|Any CPU
		{87414686-0615-4E54-8E5D-F2F3103DAF1A}.Release|Any CPU.Deploy.0 = Release|Any CPU
		{87414686-0615-4E54-8E5D-F2F3103DAF1A}.Release|ARM.ActiveCfg = Release|Any CPU
		{87414686-0615-4E54-8E5D-F2F3103DAF1A}.Release|ARM.Build.0 = Release|Any CPU
		{87414686-0615-4E54-8E5D-F2F3103DAF1A}.Release|ARM.Deploy.0 = Release|Any CPU
		{87414686-0615-4E54-8E5D-F2F3103DAF1A}.Release|iPhone.ActiveCfg = Release|Any CPU
		{87414686-0615-4E54-8E5D-F2F3103DAF1A}.Release|iPhone.Build.0 = Release|Any CPU
		{87414686-0615-4E54-8E5D-F2F3103DAF1A}.Release|iPhone.Deploy.0 = Release|Any CPU
		{87414686-0615-4E54-8E5D-F2F3103DAF1A}.Release|iPhoneSimulator.ActiveCfg = Release|Any CPU
		{87414686-0615-4E54-8E5D-F2F3103DAF1A}.Release|iPhoneSimulator.Build.0 = Release|Any CPU
		{87414686-0615-4E54-8E5D-F2F3103DAF1A}.Release|iPhoneSimulator.Deploy.0 = Release|Any CPU
		{87414686-0615-4E54-8E5D-F2F3103DAF1A}.Release|x64.ActiveCfg = Release|Any CPU
		{87414686-0615-4E54-8E5D-F2F3103DAF1A}.Release|x64.Build.0 = Release|Any CPU
		{87414686-0615-4E54-8E5D-F2F3103DAF1A}.Release|x64.Deploy.0 = Release|Any CPU
		{87414686-0615-4E54-8E5D-F2F3103DAF1A}.Release|x86.ActiveCfg = Release|Any CPU
		{87414686-0615-4E54-8E5D-F2F3103DAF1A}.Release|x86.Build.0 = Release|Any CPU
		{87414686-0615-4E54-8E5D-F2F3103DAF1A}.Release|x86.Deploy.0 = Release|Any CPU
		{4FF991FB-A231-4B4B-BF30-CB8211BACC4B}.Debug|Any CPU.ActiveCfg = Debug|iPhoneSimulator
		{4FF991FB-A231-4B4B-BF30-CB8211BACC4B}.Debug|Any CPU.Build.0 = Debug|iPhoneSimulator
		{4FF991FB-A231-4B4B-BF30-CB8211BACC4B}.Debug|Any CPU.Deploy.0 = Debug|iPhoneSimulator
		{4FF991FB-A231-4B4B-BF30-CB8211BACC4B}.Debug|ARM.ActiveCfg = Debug|iPhone
		{4FF991FB-A231-4B4B-BF30-CB8211BACC4B}.Debug|ARM.Build.0 = Debug|iPhone
		{4FF991FB-A231-4B4B-BF30-CB8211BACC4B}.Debug|ARM.Deploy.0 = Debug|iPhone
		{4FF991FB-A231-4B4B-BF30-CB8211BACC4B}.Debug|iPhone.ActiveCfg = Debug|iPhone
		{4FF991FB-A231-4B4B-BF30-CB8211BACC4B}.Debug|iPhone.Build.0 = Debug|iPhone
		{4FF991FB-A231-4B4B-BF30-CB8211BACC4B}.Debug|iPhone.Deploy.0 = Debug|iPhone
		{4FF991FB-A231-4B4B-BF30-CB8211BACC4B}.Debug|iPhoneSimulator.ActiveCfg = Debug|iPhoneSimulator
		{4FF991FB-A231-4B4B-BF30-CB8211BACC4B}.Debug|iPhoneSimulator.Build.0 = Debug|iPhoneSimulator
		{4FF991FB-A231-4B4B-BF30-CB8211BACC4B}.Debug|iPhoneSimulator.Deploy.0 = Debug|iPhoneSimulator
		{4FF991FB-A231-4B4B-BF30-CB8211BACC4B}.Debug|x64.ActiveCfg = Debug|iPhoneSimulator
		{4FF991FB-A231-4B4B-BF30-CB8211BACC4B}.Debug|x64.Build.0 = Debug|iPhoneSimulator
		{4FF991FB-A231-4B4B-BF30-CB8211BACC4B}.Debug|x64.Deploy.0 = Debug|iPhoneSimulator
		{4FF991FB-A231-4B4B-BF30-CB8211BACC4B}.Debug|x86.ActiveCfg = Debug|iPhoneSimulator
		{4FF991FB-A231-4B4B-BF30-CB8211BACC4B}.Debug|x86.Build.0 = Debug|iPhoneSimulator
		{4FF991FB-A231-4B4B-BF30-CB8211BACC4B}.Debug|x86.Deploy.0 = Debug|iPhoneSimulator
		{4FF991FB-A231-4B4B-BF30-CB8211BACC4B}.Release|Any CPU.ActiveCfg = Release|iPhoneSimulator
		{4FF991FB-A231-4B4B-BF30-CB8211BACC4B}.Release|Any CPU.Build.0 = Release|iPhoneSimulator
		{4FF991FB-A231-4B4B-BF30-CB8211BACC4B}.Release|Any CPU.Deploy.0 = Release|iPhoneSimulator
		{4FF991FB-A231-4B4B-BF30-CB8211BACC4B}.Release|ARM.ActiveCfg = Release|iPhoneSimulator
		{4FF991FB-A231-4B4B-BF30-CB8211BACC4B}.Release|ARM.Build.0 = Release|iPhoneSimulator
		{4FF991FB-A231-4B4B-BF30-CB8211BACC4B}.Release|ARM.Deploy.0 = Release|iPhoneSimulator
		{4FF991FB-A231-4B4B-BF30-CB8211BACC4B}.Release|iPhone.ActiveCfg = Release|iPhone
		{4FF991FB-A231-4B4B-BF30-CB8211BACC4B}.Release|iPhone.Build.0 = Release|iPhone
		{4FF991FB-A231-4B4B-BF30-CB8211BACC4B}.Release|iPhone.Deploy.0 = Release|iPhone
		{4FF991FB-A231-4B4B-BF30-CB8211BACC4B}.Release|iPhoneSimulator.ActiveCfg = Release|iPhoneSimulator
		{4FF991FB-A231-4B4B-BF30-CB8211BACC4B}.Release|iPhoneSimulator.Build.0 = Release|iPhoneSimulator
		{4FF991FB-A231-4B4B-BF30-CB8211BACC4B}.Release|iPhoneSimulator.Deploy.0 = Release|iPhoneSimulator
		{4FF991FB-A231-4B4B-BF30-CB8211BACC4B}.Release|x64.ActiveCfg = Release|iPhoneSimulator
		{4FF991FB-A231-4B4B-BF30-CB8211BACC4B}.Release|x64.Build.0 = Release|iPhoneSimulator
		{4FF991FB-A231-4B4B-BF30-CB8211BACC4B}.Release|x64.Deploy.0 = Release|iPhoneSimulator
		{4FF991FB-A231-4B4B-BF30-CB8211BACC4B}.Release|x86.ActiveCfg = Release|iPhoneSimulator
		{4FF991FB-A231-4B4B-BF30-CB8211BACC4B}.Release|x86.Build.0 = Release|iPhoneSimulator
		{4FF991FB-A231-4B4B-BF30-CB8211BACC4B}.Release|x86.Deploy.0 = Release|iPhoneSimulator
		{BC655061-05EC-42A5-A71E-AC450539DCFA}.Debug|Any CPU.ActiveCfg = Debug|Any CPU
		{BC655061-05EC-42A5-A71E-AC450539DCFA}.Debug|Any CPU.Build.0 = Debug|Any CPU
		{BC655061-05EC-42A5-A71E-AC450539DCFA}.Debug|Any CPU.Deploy.0 = Debug|Any CPU
		{BC655061-05EC-42A5-A71E-AC450539DCFA}.Debug|ARM.ActiveCfg = Debug|Any CPU
		{BC655061-05EC-42A5-A71E-AC450539DCFA}.Debug|ARM.Build.0 = Debug|Any CPU
		{BC655061-05EC-42A5-A71E-AC450539DCFA}.Debug|ARM.Deploy.0 = Debug|Any CPU
		{BC655061-05EC-42A5-A71E-AC450539DCFA}.Debug|iPhone.ActiveCfg = Debug|Any CPU
		{BC655061-05EC-42A5-A71E-AC450539DCFA}.Debug|iPhone.Build.0 = Debug|Any CPU
		{BC655061-05EC-42A5-A71E-AC450539DCFA}.Debug|iPhone.Deploy.0 = Debug|Any CPU
		{BC655061-05EC-42A5-A71E-AC450539DCFA}.Debug|iPhoneSimulator.ActiveCfg = Debug|Any CPU
		{BC655061-05EC-42A5-A71E-AC450539DCFA}.Debug|iPhoneSimulator.Build.0 = Debug|Any CPU
		{BC655061-05EC-42A5-A71E-AC450539DCFA}.Debug|iPhoneSimulator.Deploy.0 = Debug|Any CPU
		{BC655061-05EC-42A5-A71E-AC450539DCFA}.Debug|x64.ActiveCfg = Debug|Any CPU
		{BC655061-05EC-42A5-A71E-AC450539DCFA}.Debug|x64.Build.0 = Debug|Any CPU
		{BC655061-05EC-42A5-A71E-AC450539DCFA}.Debug|x64.Deploy.0 = Debug|Any CPU
		{BC655061-05EC-42A5-A71E-AC450539DCFA}.Debug|x86.ActiveCfg = Debug|Any CPU
		{BC655061-05EC-42A5-A71E-AC450539DCFA}.Debug|x86.Build.0 = Debug|Any CPU
		{BC655061-05EC-42A5-A71E-AC450539DCFA}.Debug|x86.Deploy.0 = Debug|Any CPU
		{BC655061-05EC-42A5-A71E-AC450539DCFA}.Release|Any CPU.ActiveCfg = Release|Any CPU
		{BC655061-05EC-42A5-A71E-AC450539DCFA}.Release|Any CPU.Build.0 = Release|Any CPU
		{BC655061-05EC-42A5-A71E-AC450539DCFA}.Release|Any CPU.Deploy.0 = Release|Any CPU
		{BC655061-05EC-42A5-A71E-AC450539DCFA}.Release|ARM.ActiveCfg = Release|Any CPU
		{BC655061-05EC-42A5-A71E-AC450539DCFA}.Release|ARM.Build.0 = Release|Any CPU
		{BC655061-05EC-42A5-A71E-AC450539DCFA}.Release|ARM.Deploy.0 = Release|Any CPU
		{BC655061-05EC-42A5-A71E-AC450539DCFA}.Release|iPhone.ActiveCfg = Release|Any CPU
		{BC655061-05EC-42A5-A71E-AC450539DCFA}.Release|iPhone.Build.0 = Release|Any CPU
		{BC655061-05EC-42A5-A71E-AC450539DCFA}.Release|iPhone.Deploy.0 = Release|Any CPU
		{BC655061-05EC-42A5-A71E-AC450539DCFA}.Release|iPhoneSimulator.ActiveCfg = Release|Any CPU
		{BC655061-05EC-42A5-A71E-AC450539DCFA}.Release|iPhoneSimulator.Build.0 = Release|Any CPU
		{BC655061-05EC-42A5-A71E-AC450539DCFA}.Release|iPhoneSimulator.Deploy.0 = Release|Any CPU
		{BC655061-05EC-42A5-A71E-AC450539DCFA}.Release|x64.ActiveCfg = Release|Any CPU
		{BC655061-05EC-42A5-A71E-AC450539DCFA}.Release|x64.Build.0 = Release|Any CPU
		{BC655061-05EC-42A5-A71E-AC450539DCFA}.Release|x64.Deploy.0 = Release|Any CPU
		{BC655061-05EC-42A5-A71E-AC450539DCFA}.Release|x86.ActiveCfg = Release|Any CPU
		{BC655061-05EC-42A5-A71E-AC450539DCFA}.Release|x86.Build.0 = Release|Any CPU
		{BC655061-05EC-42A5-A71E-AC450539DCFA}.Release|x86.Deploy.0 = Release|Any CPU
	EndGlobalSection
	GlobalSection(SolutionProperties) = preSolution
		HideSolutionNode = FALSE
	EndGlobalSection
	GlobalSection(ExtensibilityGlobals) = postSolution
		SolutionGuid = {957E3215-3957-4B7A-A475-03B7055AAB7E}
	EndGlobalSection
EndGlobal
